
Microsoft Visual Studio Solution File, Format Version 12.00
# Visual Studio Version 16
VisualStudioVersion = 16.0.31105.61
MinimumVisualStudioVersion = 10.0.40219.1
Project("{FAE04EC0-301F-11D3-BF4B-00C04F79EFBC}") = "WebApi", "WebApi\WebApi.csproj", "{9E78DED7-F01C-4920-B527-B07661076172}"
EndProject
Global
	GlobalSection(SolutionConfigurationPlatforms) = preSolution
		Debug|Any CPU = Debug|Any CPU
		Release|Any CPU = Release|Any CPU
	EndGlobalSection
	GlobalSection(ProjectConfigurationPlatforms) = postSolution
		{9E78DED7-F01C-4920-B527-B07661076172}.Debug|Any CPU.ActiveCfg = Debug|Any CPU
		{9E78DED7-F01C-4920-B527-B07661076172}.Debug|Any CPU.Build.0 = Debug|Any CPU
		{9E78DED7-F01C-4920-B527-B07661076172}.Release|Any CPU.ActiveCfg = Release|Any CPU
		{9E78DED7-F01C-4920-B527-B07661076172}.Release|Any CPU.Build.0 = Release|Any CPU
	EndGlobalSection
	GlobalSection(SolutionProperties) = preSolution
		HideSolutionNode = FALSE
	EndGlobalSection
	GlobalSection(ExtensibilityGlobals) = postSolution
		SolutionGuid = {3E671915-BB9A-4E74-AC77-82B88056CCDC}
	EndGlobalSection
EndGlobal
